// !$*UTF8*$!
{
	archiveVersion = 1;
	classes = {
	};
	objectVersion = 50;
	objects = {

/* Begin PBXBuildFile section */
		58E8032822F0D1A0000E0E40 /* AppDelegate.swift in Sources */ = {isa = PBXBuildFile; fileRef = 58E8032722F0D1A0000E0E40 /* AppDelegate.swift */; };
		58E8032A22F0D1A0000E0E40 /* ViewController.swift in Sources */ = {isa = PBXBuildFile; fileRef = 58E8032922F0D1A0000E0E40 /* ViewController.swift */; };
		58E8032D22F0D1A0000E0E40 /* Main.storyboard in Resources */ = {isa = PBXBuildFile; fileRef = 58E8032B22F0D1A0000E0E40 /* Main.storyboard */; };
		58E8032F22F0D1A1000E0E40 /* Assets.xcassets in Resources */ = {isa = PBXBuildFile; fileRef = 58E8032E22F0D1A1000E0E40 /* Assets.xcassets */; };
		58E8033222F0D1A1000E0E40 /* LaunchScreen.storyboard in Resources */ = {isa = PBXBuildFile; fileRef = 58E8033022F0D1A1000E0E40 /* LaunchScreen.storyboard */; };
		58E8033D22F0D1A1000E0E40 /* MVC_LabTests.swift in Sources */ = {isa = PBXBuildFile; fileRef = 58E8033C22F0D1A1000E0E40 /* MVC_LabTests.swift */; };
		58E8034822F0D1A1000E0E40 /* MVC_LabUITests.swift in Sources */ = {isa = PBXBuildFile; fileRef = 58E8034722F0D1A1000E0E40 /* MVC_LabUITests.swift */; };
		58E8035622F0D42A000E0E40 /* RGBValues.swift in Sources */ = {isa = PBXBuildFile; fileRef = 58E8035522F0D42A000E0E40 /* RGBValues.swift */; };
/* End PBXBuildFile section */

/* Begin PBXContainerItemProxy section */
		58E8033922F0D1A1000E0E40 /* PBXContainerItemProxy */ = {
			isa = PBXContainerItemProxy;
			containerPortal = 58E8031C22F0D1A0000E0E40 /* Project object */;
			proxyType = 1;
			remoteGlobalIDString = 58E8032322F0D1A0000E0E40;
			remoteInfo = "MVC Lab";
		};
		58E8034422F0D1A1000E0E40 /* PBXContainerItemProxy */ = {
			isa = PBXContainerItemProxy;
			containerPortal = 58E8031C22F0D1A0000E0E40 /* Project object */;
			proxyType = 1;
			remoteGlobalIDString = 58E8032322F0D1A0000E0E40;
			remoteInfo = "MVC Lab";
		};
/* End PBXContainerItemProxy section */

/* Begin PBXFileReference section */
		58E8032422F0D1A0000E0E40 /* MVC Lab.app */ = {isa = PBXFileReference; explicitFileType = wrapper.application; includeInIndex = 0; path = "MVC Lab.app"; sourceTree = BUILT_PRODUCTS_DIR; };
		58E8032722F0D1A0000E0E40 /* AppDelegate.swift */ = {isa = PBXFileReference; lastKnownFileType = sourcecode.swift; path = AppDelegate.swift; sourceTree = "<group>"; };
		58E8032922F0D1A0000E0E40 /* ViewController.swift */ = {isa = PBXFileReference; lastKnownFileType = sourcecode.swift; path = ViewController.swift; sourceTree = "<group>"; };
		58E8032C22F0D1A0000E0E40 /* Base */ = {isa = PBXFileReference; lastKnownFileType = file.storyboard; name = Base; path = Base.lproj/Main.storyboard; sourceTree = "<group>"; };
		58E8032E22F0D1A1000E0E40 /* Assets.xcassets */ = {isa = PBXFileReference; lastKnownFileType = folder.assetcatalog; path = Assets.xcassets; sourceTree = "<group>"; };
		58E8033122F0D1A1000E0E40 /* Base */ = {isa = PBXFileReference; lastKnownFileType = file.storyboard; name = Base; path = Base.lproj/LaunchScreen.storyboard; sourceTree = "<group>"; };
		58E8033322F0D1A1000E0E40 /* Info.plist */ = {isa = PBXFileReference; lastKnownFileType = text.plist.xml; path = Info.plist; sourceTree = "<group>"; };
		58E8033822F0D1A1000E0E40 /* MVC LabTests.xctest */ = {isa = PBXFileReference; explicitFileType = wrapper.cfbundle; includeInIndex = 0; path = "MVC LabTests.xctest"; sourceTree = BUILT_PRODUCTS_DIR; };
		58E8033C22F0D1A1000E0E40 /* MVC_LabTests.swift */ = {isa = PBXFileReference; lastKnownFileType = sourcecode.swift; path = MVC_LabTests.swift; sourceTree = "<group>"; };
		58E8033E22F0D1A1000E0E40 /* Info.plist */ = {isa = PBXFileReference; lastKnownFileType = text.plist.xml; path = Info.plist; sourceTree = "<group>"; };
		58E8034322F0D1A1000E0E40 /* MVC LabUITests.xctest */ = {isa = PBXFileReference; explicitFileType = wrapper.cfbundle; includeInIndex = 0; path = "MVC LabUITests.xctest"; sourceTree = BUILT_PRODUCTS_DIR; };
		58E8034722F0D1A1000E0E40 /* MVC_LabUITests.swift */ = {isa = PBXFileReference; lastKnownFileType = sourcecode.swift; path = MVC_LabUITests.swift; sourceTree = "<group>"; };
		58E8034922F0D1A1000E0E40 /* Info.plist */ = {isa = PBXFileReference; lastKnownFileType = text.plist.xml; path = Info.plist; sourceTree = "<group>"; };
		58E8035522F0D42A000E0E40 /* RGBValues.swift */ = {isa = PBXFileReference; lastKnownFileType = sourcecode.swift; path = RGBValues.swift; sourceTree = "<group>"; };
/* End PBXFileReference section */

/* Begin PBXFrameworksBuildPhase section */
		58E8032122F0D1A0000E0E40 /* Frameworks */ = {
			isa = PBXFrameworksBuildPhase;
			buildActionMask = 2147483647;
			files = (
			);
			runOnlyForDeploymentPostprocessing = 0;
		};
		58E8033522F0D1A1000E0E40 /* Frameworks */ = {
			isa = PBXFrameworksBuildPhase;
			buildActionMask = 2147483647;
			files = (
			);
			runOnlyForDeploymentPostprocessing = 0;
		};
		58E8034022F0D1A1000E0E40 /* Frameworks */ = {
			isa = PBXFrameworksBuildPhase;
			buildActionMask = 2147483647;
			files = (
			);
			runOnlyForDeploymentPostprocessing = 0;
		};
/* End PBXFrameworksBuildPhase section */

/* Begin PBXGroup section */
		58E8031B22F0D1A0000E0E40 = {
			isa = PBXGroup;
			children = (
				58E8032622F0D1A0000E0E40 /* MVC Lab */,
				58E8033B22F0D1A1000E0E40 /* MVC LabTests */,
				58E8034622F0D1A1000E0E40 /* MVC LabUITests */,
				58E8032522F0D1A0000E0E40 /* Products */,
			);
			sourceTree = "<group>";
		};
		58E8032522F0D1A0000E0E40 /* Products */ = {
			isa = PBXGroup;
			children = (
				58E8032422F0D1A0000E0E40 /* MVC Lab.app */,
				58E8033822F0D1A1000E0E40 /* MVC LabTests.xctest */,
				58E8034322F0D1A1000E0E40 /* MVC LabUITests.xctest */,
			);
			name = Products;
			sourceTree = "<group>";
		};
		58E8032622F0D1A0000E0E40 /* MVC Lab */ = {
			isa = PBXGroup;
			children = (
				58E8032722F0D1A0000E0E40 /* AppDelegate.swift */,
				58E8032922F0D1A0000E0E40 /* ViewController.swift */,
				58E8032B22F0D1A0000E0E40 /* Main.storyboard */,
				58E8035522F0D42A000E0E40 /* RGBValues.swift */,
				58E8032E22F0D1A1000E0E40 /* Assets.xcassets */,
				58E8033022F0D1A1000E0E40 /* LaunchScreen.storyboard */,
				58E8033322F0D1A1000E0E40 /* Info.plist */,
			);
			path = "MVC Lab";
			sourceTree = "<group>";
		};
		58E8033B22F0D1A1000E0E40 /* MVC LabTests */ = {
			isa = PBXGroup;
			children = (
				58E8033C22F0D1A1000E0E40 /* MVC_LabTests.swift */,
				58E8033E22F0D1A1000E0E40 /* Info.plist */,
			);
			path = "MVC LabTests";
			sourceTree = "<group>";
		};
		58E8034622F0D1A1000E0E40 /* MVC LabUITests */ = {
			isa = PBXGroup;
			children = (
				58E8034722F0D1A1000E0E40 /* MVC_LabUITests.swift */,
				58E8034922F0D1A1000E0E40 /* Info.plist */,
			);
			path = "MVC LabUITests";
			sourceTree = "<group>";
		};
/* End PBXGroup section */

/* Begin PBXNativeTarget section */
		58E8032322F0D1A0000E0E40 /* MVC Lab */ = {
			isa = PBXNativeTarget;
			buildConfigurationList = 58E8034C22F0D1A1000E0E40 /* Build configuration list for PBXNativeTarget "MVC Lab" */;
			buildPhases = (
				58E8032022F0D1A0000E0E40 /* Sources */,
				58E8032122F0D1A0000E0E40 /* Frameworks */,
				58E8032222F0D1A0000E0E40 /* Resources */,
			);
			buildRules = (
			);
			dependencies = (
			);
			name = "MVC Lab";
			productName = "MVC Lab";
			productReference = 58E8032422F0D1A0000E0E40 /* MVC Lab.app */;
			productType = "com.apple.product-type.application";
		};
		58E8033722F0D1A1000E0E40 /* MVC LabTests */ = {
			isa = PBXNativeTarget;
			buildConfigurationList = 58E8034F22F0D1A1000E0E40 /* Build configuration list for PBXNativeTarget "MVC LabTests" */;
			buildPhases = (
				58E8033422F0D1A1000E0E40 /* Sources */,
				58E8033522F0D1A1000E0E40 /* Frameworks */,
				58E8033622F0D1A1000E0E40 /* Resources */,
			);
			buildRules = (
			);
			dependencies = (
				58E8033A22F0D1A1000E0E40 /* PBXTargetDependency */,
			);
			name = "MVC LabTests";
			productName = "MVC LabTests";
			productReference = 58E8033822F0D1A1000E0E40 /* MVC LabTests.xctest */;
			productType = "com.apple.product-type.bundle.unit-test";
		};
		58E8034222F0D1A1000E0E40 /* MVC LabUITests */ = {
			isa = PBXNativeTarget;
			buildConfigurationList = 58E8035222F0D1A1000E0E40 /* Build configuration list for PBXNativeTarget "MVC LabUITests" */;
			buildPhases = (
				58E8033F22F0D1A1000E0E40 /* Sources */,
				58E8034022F0D1A1000E0E40 /* Frameworks */,
				58E8034122F0D1A1000E0E40 /* Resources */,
			);
			buildRules = (
			);
			dependencies = (
				58E8034522F0D1A1000E0E40 /* PBXTargetDependency */,
			);
			name = "MVC LabUITests";
			productName = "MVC LabUITests";
			productReference = 58E8034322F0D1A1000E0E40 /* MVC LabUITests.xctest */;
			productType = "com.apple.product-type.bundle.ui-testing";
		};
/* End PBXNativeTarget section */

/* Begin PBXProject section */
		58E8031C22F0D1A0000E0E40 /* Project object */ = {
			isa = PBXProject;
			attributes = {
				LastSwiftUpdateCheck = 1030;
				LastUpgradeCheck = 1030;
				ORGANIZATIONNAME = "Mariel Hoepelman";
				TargetAttributes = {
					58E8032322F0D1A0000E0E40 = {
						CreatedOnToolsVersion = 10.3;
					};
					58E8033722F0D1A1000E0E40 = {
						CreatedOnToolsVersion = 10.3;
						TestTargetID = 58E8032322F0D1A0000E0E40;
					};
					58E8034222F0D1A1000E0E40 = {
						CreatedOnToolsVersion = 10.3;
						TestTargetID = 58E8032322F0D1A0000E0E40;
					};
				};
			};
			buildConfigurationList = 58E8031F22F0D1A0000E0E40 /* Build configuration list for PBXProject "MVC Lab" */;
			compatibilityVersion = "Xcode 9.3";
			developmentRegion = en;
			hasScannedForEncodings = 0;
			knownRegions = (
				en,
				Base,
			);
			mainGroup = 58E8031B22F0D1A0000E0E40;
			productRefGroup = 58E8032522F0D1A0000E0E40 /* Products */;
			projectDirPath = "";
			projectRoot = "";
			targets = (
				58E8032322F0D1A0000E0E40 /* MVC Lab */,
				58E8033722F0D1A1000E0E40 /* MVC LabTests */,
				58E8034222F0D1A1000E0E40 /* MVC LabUITests */,
			);
		};
/* End PBXProject section */

/* Begin PBXResourcesBuildPhase section */
		58E8032222F0D1A0000E0E40 /* Resources */ = {
			isa = PBXResourcesBuildPhase;
			buildActionMask = 2147483647;
			files = (
				58E8033222F0D1A1000E0E40 /* LaunchScreen.storyboard in Resources */,
				58E8032F22F0D1A1000E0E40 /* Assets.xcassets in Resources */,
				58E8032D22F0D1A0000E0E40 /* Main.storyboard in Resources */,
			);
			runOnlyForDeploymentPostprocessing = 0;
		};
		58E8033622F0D1A1000E0E40 /* Resources */ = {
			isa = PBXResourcesBuildPhase;
			buildActionMask = 2147483647;
			files = (
			);
			runOnlyForDeploymentPostprocessing = 0;
		};
		58E8034122F0D1A1000E0E40 /* Resources */ = {
			isa = PBXResourcesBuildPhase;
			buildActionMask = 2147483647;
			files = (
			);
			runOnlyForDeploymentPostprocessing = 0;
		};
/* End PBXResourcesBuildPhase section */

/* Begin PBXSourcesBuildPhase section */
		58E8032022F0D1A0000E0E40 /* Sources */ = {
			isa = PBXSourcesBuildPhase;
			buildActionMask = 2147483647;
			files = (
				58E8032A22F0D1A0000E0E40 /* ViewController.swift in Sources */,
				58E8035622F0D42A000E0E40 /* RGBValues.swift in Sources */,
				58E8032822F0D1A0000E0E40 /* AppDelegate.swift in Sources */,
			);
			runOnlyForDeploymentPostprocessing = 0;
		};
		58E8033422F0D1A1000E0E40 /* Sources */ = {
			isa = PBXSourcesBuildPhase;
			buildActionMask = 2147483647;
			files = (
				58E8033D22F0D1A1000E0E40 /* MVC_LabTests.swift in Sources */,
			);
			runOnlyForDeploymentPostprocessing = 0;
		};
		58E8033F22F0D1A1000E0E40 /* Sources */ = {
			isa = PBXSourcesBuildPhase;
			buildActionMask = 2147483647;
			files = (
				58E8034822F0D1A1000E0E40 /* MVC_LabUITests.swift in Sources */,
			);
			runOnlyForDeploymentPostprocessing = 0;
		};
/* End PBXSourcesBuildPhase section */

/* Begin PBXTargetDependency section */
		58E8033A22F0D1A1000E0E40 /* PBXTargetDependency */ = {
			isa = PBXTargetDependency;
			target = 58E8032322F0D1A0000E0E40 /* MVC Lab */;
			targetProxy = 58E8033922F0D1A1000E0E40 /* PBXContainerItemProxy */;
		};
		58E8034522F0D1A1000E0E40 /* PBXTargetDependency */ = {
			isa = PBXTargetDependency;
			target = 58E8032322F0D1A0000E0E40 /* MVC Lab */;
			targetProxy = 58E8034422F0D1A1000E0E40 /* PBXContainerItemProxy */;
		};
/* End PBXTargetDependency section */

/* Begin PBXVariantGroup section */
		58E8032B22F0D1A0000E0E40 /* Main.storyboard */ = {
			isa = PBXVariantGroup;
			children = (
				58E8032C22F0D1A0000E0E40 /* Base */,
			);
			name = Main.storyboard;
			sourceTree = "<group>";
		};
		58E8033022F0D1A1000E0E40 /* LaunchScreen.storyboard */ = {
			isa = PBXVariantGroup;
			children = (
				58E8033122F0D1A1000E0E40 /* Base */,
			);
			name = LaunchScreen.storyboard;
			sourceTree = "<group>";
		};
/* End PBXVariantGroup section */

/* Begin XCBuildConfiguration section */
		58E8034A22F0D1A1000E0E40 /* Debug */ = {
			isa = XCBuildConfiguration;
			buildSettings = {
				ALWAYS_SEARCH_USER_PATHS = NO;
				CLANG_ANALYZER_NONNULL = YES;
				CLANG_ANALYZER_NUMBER_OBJECT_CONVERSION = YES_AGGRESSIVE;
				CLANG_CXX_LANGUAGE_STANDARD = "gnu++14";
				CLANG_CXX_LIBRARY = "libc++";
				CLANG_ENABLE_MODULES = YES;
				CLANG_ENABLE_OBJC_ARC = YES;
				CLANG_ENABLE_OBJC_WEAK = YES;
				CLANG_WARN_BLOCK_CAPTURE_AUTORELEASING = YES;
				CLANG_WARN_BOOL_CONVERSION = YES;
				CLANG_WARN_COMMA = YES;
				CLANG_WARN_CONSTANT_CONVERSION = YES;
				CLANG_WARN_DEPRECATED_OBJC_IMPLEMENTATIONS = YES;
				CLANG_WARN_DIRECT_OBJC_ISA_USAGE = YES_ERROR;
				CLANG_WARN_DOCUMENTATION_COMMENTS = YES;
				CLANG_WARN_EMPTY_BODY = YES;
				CLANG_WARN_ENUM_CONVERSION = YES;
				CLANG_WARN_INFINITE_RECURSION = YES;
				CLANG_WARN_INT_CONVERSION = YES;
				CLANG_WARN_NON_LITERAL_NULL_CONVERSION = YES;
				CLANG_WARN_OBJC_IMPLICIT_RETAIN_SELF = YES;
				CLANG_WARN_OBJC_LITERAL_CONVERSION = YES;
				CLANG_WARN_OBJC_ROOT_CLASS = YES_ERROR;
				CLANG_WARN_RANGE_LOOP_ANALYSIS = YES;
				CLANG_WARN_STRICT_PROTOTYPES = YES;
				CLANG_WARN_SUSPICIOUS_MOVE = YES;
				CLANG_WARN_UNGUARDED_AVAILABILITY = YES_AGGRESSIVE;
				CLANG_WARN_UNREACHABLE_CODE = YES;
				CLANG_WARN__DUPLICATE_METHOD_MATCH = YES;
				CODE_SIGN_IDENTITY = "iPhone Developer";
				COPY_PHASE_STRIP = NO;
				DEBUG_INFORMATION_FORMAT = dwarf;
				ENABLE_STRICT_OBJC_MSGSEND = YES;
				ENABLE_TESTABILITY = YES;
				GCC_C_LANGUAGE_STANDARD = gnu11;
				GCC_DYNAMIC_NO_PIC = NO;
				GCC_NO_COMMON_BLOCKS = YES;
				GCC_OPTIMIZATION_LEVEL = 0;
				GCC_PREPROCESSOR_DEFINITIONS = (
					"DEBUG=1",
					"$(inherited)",
				);
				GCC_WARN_64_TO_32_BIT_CONVERSION = YES;
				GCC_WARN_ABOUT_RETURN_TYPE = YES_ERROR;
				GCC_WARN_UNDECLARED_SELECTOR = YES;
				GCC_WARN_UNINITIALIZED_AUTOS = YES_AGGRESSIVE;
				GCC_WARN_UNUSED_FUNCTION = YES;
				GCC_WARN_UNUSED_VARIABLE = YES;
				IPHONEOS_DEPLOYMENT_TARGET = 12.4;
				MTL_ENABLE_DEBUG_INFO = INCLUDE_SOURCE;
				MTL_FAST_MATH = YES;
				ONLY_ACTIVE_ARCH = YES;
				SDKROOT = iphoneos;
				SWIFT_ACTIVE_COMPILATION_CONDITIONS = DEBUG;
				SWIFT_OPTIMIZATION_LEVEL = "-Onone";
			};
			name = Debug;
		};
		58E8034B22F0D1A1000E0E40 /* Release */ = {
			isa = XCBuildConfiguration;
			buildSettings = {
				ALWAYS_SEARCH_USER_PATHS = NO;
				CLANG_ANALYZER_NONNULL = YES;
				CLANG_ANALYZER_NUMBER_OBJECT_CONVERSION = YES_AGGRESSIVE;
				CLANG_CXX_LANGUAGE_STANDARD = "gnu++14";
				CLANG_CXX_LIBRARY = "libc++";
				CLANG_ENABLE_MODULES = YES;
				CLANG_ENABLE_OBJC_ARC = YES;
				CLANG_ENABLE_OBJC_WEAK = YES;
				CLANG_WARN_BLOCK_CAPTURE_AUTORELEASING = YES;
				CLANG_WARN_BOOL_CONVERSION = YES;
				CLANG_WARN_COMMA = YES;
				CLANG_WARN_CONSTANT_CONVERSION = YES;
				CLANG_WARN_DEPRECATED_OBJC_IMPLEMENTATIONS = YES;
				CLANG_WARN_DIRECT_OBJC_ISA_USAGE = YES_ERROR;
				CLANG_WARN_DOCUMENTATION_COMMENTS = YES;
				CLANG_WARN_EMPTY_BODY = YES;
				CLANG_WARN_ENUM_CONVERSION = YES;
				CLANG_WARN_INFINITE_RECURSION = YES;
				CLANG_WARN_INT_CONVERSION = YES;
				CLANG_WARN_NON_LITERAL_NULL_CONVERSION = YES;
				CLANG_WARN_OBJC_IMPLICIT_RETAIN_SELF = YES;
				CLANG_WARN_OBJC_LITERAL_CONVERSION = YES;
				CLANG_WARN_OBJC_ROOT_CLASS = YES_ERROR;
				CLANG_WARN_RANGE_LOOP_ANALYSIS = YES;
				CLANG_WARN_STRICT_PROTOTYPES = YES;
				CLANG_WARN_SUSPICIOUS_MOVE = YES;
				CLANG_WARN_UNGUARDED_AVAILABILITY = YES_AGGRESSIVE;
				CLANG_WARN_UNREACHABLE_CODE = YES;
				CLANG_WARN__DUPLICATE_METHOD_MATCH = YES;
				CODE_SIGN_IDENTITY = "iPhone Developer";
				COPY_PHASE_STRIP = NO;
				DEBUG_INFORMATION_FORMAT = "dwarf-with-dsym";
				ENABLE_NS_ASSERTIONS = NO;
				ENABLE_STRICT_OBJC_MSGSEND = YES;
				GCC_C_LANGUAGE_STANDARD = gnu11;
				GCC_NO_COMMON_BLOCKS = YES;
				GCC_WARN_64_TO_32_BIT_CONVERSION = YES;
				GCC_WARN_ABOUT_RETURN_TYPE = YES_ERROR;
				GCC_WARN_UNDECLARED_SELECTOR = YES;
				GCC_WARN_UNINITIALIZED_AUTOS = YES_AGGRESSIVE;
				GCC_WARN_UNUSED_FUNCTION = YES;
				GCC_WARN_UNUSED_VARIABLE = YES;
				IPHONEOS_DEPLOYMENT_TARGET = 12.4;
				MTL_ENABLE_DEBUG_INFO = NO;
				MTL_FAST_MATH = YES;
				SDKROOT = iphoneos;
				SWIFT_COMPILATION_MODE = wholemodule;
				SWIFT_OPTIMIZATION_LEVEL = "-O";
				VALIDATE_PRODUCT = YES;
			};
			name = Release;
		};
		58E8034D22F0D1A1000E0E40 /* Debug */ = {
			isa = XCBuildConfiguration;
			buildSettings = {
				ASSETCATALOG_COMPILER_APPICON_NAME = AppIcon;
				CODE_SIGN_STYLE = Automatic;
				DEVELOPMENT_TEAM = 78B3ZP3548;
				INFOPLIST_FILE = "MVC Lab/Info.plist";
				LD_RUNPATH_SEARCH_PATHS = (
					"$(inherited)",
					"@executable_path/Frameworks",
				);
				PRODUCT_BUNDLE_IDENTIFIER = "MJHJ.MVC-Lab";
				PRODUCT_NAME = "$(TARGET_NAME)";
				SWIFT_VERSION = 5.0;
				TARGETED_DEVICE_FAMILY = "1,2";
			};
			name = Debug;
		};
		58E8034E22F0D1A1000E0E40 /* Release */ = {
			isa = XCBuildConfiguration;
			buildSettings = {
				ASSETCATALOG_COMPILER_APPICON_NAME = AppIcon;
				CODE_SIGN_STYLE = Automatic;
				DEVELOPMENT_TEAM = 78B3ZP3548;
				INFOPLIST_FILE = "MVC Lab/Info.plist";
				LD_RUNPATH_SEARCH_PATHS = (
					"$(inherited)",
					"@executable_path/Frameworks",
				);
				PRODUCT_BUNDLE_IDENTIFIER = "MJHJ.MVC-Lab";
				PRODUCT_NAME = "$(TARGET_NAME)";
				SWIFT_VERSION = 5.0;
				TARGETED_DEVICE_FAMILY = "1,2";
			};
			name = Release;
		};
		58E8035022F0D1A1000E0E40 /* Debug */ = {
			isa = XCBuildConfiguration;
			buildSettings = {
				ALWAYS_EMBED_SWIFT_STANDARD_LIBRARIES = YES;
				BUNDLE_LOADER = "$(TEST_HOST)";
				CODE_SIGN_STYLE = Automatic;
				DEVELOPMENT_TEAM = 78B3ZP3548;
				INFOPLIST_FILE = "MVC LabTests/Info.plist";
				LD_RUNPATH_SEARCH_PATHS = (
					"$(inherited)",
					"@executable_path/Frameworks",
					"@loader_path/Frameworks",
				);
				PRODUCT_BUNDLE_IDENTIFIER = "MJHJ.MVC-LabTests";
				PRODUCT_NAME = "$(TARGET_NAME)";
				SWIFT_VERSION = 5.0;
				TARGETED_DEVICE_FAMILY = "1,2";
				TEST_HOST = "$(BUILT_PRODUCTS_DIR)/MVC Lab.app/MVC Lab";
			};
			name = Debug;
		};
		58E8035122F0D1A1000E0E40 /* Release */ = {
			isa = XCBuildConfiguration;
			buildSettings = {
				ALWAYS_EMBED_SWIFT_STANDARD_LIBRARIES = YES;
				BUNDLE_LOADER = "$(TEST_HOST)";
				CODE_SIGN_STYLE = Automatic;
				DEVELOPMENT_TEAM = 78B3ZP3548;
				INFOPLIST_FILE = "MVC LabTests/Info.plist";
				LD_RUNPATH_SEARCH_PATHS = (
					"$(inherited)",
					"@executable_path/Frameworks",
					"@loader_path/Frameworks",
				);
				PRODUCT_BUNDLE_IDENTIFIER = "MJHJ.MVC-LabTests";
				PRODUCT_NAME = "$(TARGET_NAME)";
				SWIFT_VERSION = 5.0;
				TARGETED_DEVICE_FAMILY = "1,2";
				TEST_HOST = "$(BUILT_PRODUCTS_DIR)/MVC Lab.app/MVC Lab";
			};
			name = Release;
		};
		58E8035322F0D1A1000E0E40 /* Debug */ = {
			isa = XCBuildConfiguration;
			buildSettings = {
				ALWAYS_EMBED_SWIFT_STANDARD_LIBRARIES = YES;
				CODE_SIGN_STYLE = Automatic;
				DEVELOPMENT_TEAM = 78B3ZP3548;
				INFOPLIST_FILE = "MVC LabUITests/Info.plist";
				LD_RUNPATH_SEARCH_PATHS = (
					"$(inherited)",
					"@executable_path/Frameworks",
					"@loader_path/Frameworks",
				);
				PRODUCT_BUNDLE_IDENTIFIER = "MJHJ.MVC-LabUITests";
				PRODUCT_NAME = "$(TARGET_NAME)";
				SWIFT_VERSION = 5.0;
				TARGETED_DEVICE_FAMILY = "1,2";
				TEST_TARGET_NAME = "MVC Lab";
			};
			name = Debug;
		};
		58E8035422F0D1A1000E0E40 /* Release */ = {
			isa = XCBuildConfiguration;
			buildSettings = {
				ALWAYS_EMBED_SWIFT_STANDARD_LIBRARIES = YES;
				CODE_SIGN_STYLE = Automatic;
				DEVELOPMENT_TEAM = 78B3ZP3548;
				INFOPLIST_FILE = "MVC LabUITests/Info.plist";
				LD_RUNPATH_SEARCH_PATHS = (
					"$(inherited)",
					"@executable_path/Frameworks",
					"@loader_path/Frameworks",
				);
				PRODUCT_BUNDLE_IDENTIFIER = "MJHJ.MVC-LabUITests";
				PRODUCT_NAME = "$(TARGET_NAME)";
				SWIFT_VERSION = 5.0;
				TARGETED_DEVICE_FAMILY = "1,2";
				TEST_TARGET_NAME = "MVC Lab";
			};
			name = Release;
		};
/* End XCBuildConfiguration section */

/* Begin XCConfigurationList section */
		58E8031F22F0D1A0000E0E40 /* Build configuration list for PBXProject "MVC Lab" */ = {
			isa = XCConfigurationList;
			buildConfigurations = (
				58E8034A22F0D1A1000E0E40 /* Debug */,
				58E8034B22F0D1A1000E0E40 /* Release */,
			);
			defaultConfigurationIsVisible = 0;
			defaultConfigurationName = Release;
		};
		58E8034C22F0D1A1000E0E40 /* Build configuration list for PBXNativeTarget "MVC Lab" */ = {
			isa = XCConfigurationList;
			buildConfigurations = (
				58E8034D22F0D1A1000E0E40 /* Debug */,
				58E8034E22F0D1A1000E0E40 /* Release */,
			);
			defaultConfigurationIsVisible = 0;
			defaultConfigurationName = Release;
		};
		58E8034F22F0D1A1000E0E40 /* Build configuration list for PBXNativeTarget "MVC LabTests" */ = {
			isa = XCConfigurationList;
			buildConfigurations = (
				58E8035022F0D1A1000E0E40 /* Debug */,
				58E8035122F0D1A1000E0E40 /* Release */,
			);
			defaultConfigurationIsVisible = 0;
			defaultConfigurationName = Release;
		};
		58E8035222F0D1A1000E0E40 /* Build configuration list for PBXNativeTarget "MVC LabUITests" */ = {
			isa = XCConfigurationList;
			buildConfigurations = (
				58E8035322F0D1A1000E0E40 /* Debug */,
				58E8035422F0D1A1000E0E40 /* Release */,
			);
			defaultConfigurationIsVisible = 0;
			defaultConfigurationName = Release;
		};
/* End XCConfigurationList section */
	};
	rootObject = 58E8031C22F0D1A0000E0E40 /* Project object */;
}
